// !$*UTF8*$!
{
	archiveVersion = 1;
	classes = {
	};
	objectVersion = 46;
	objects = {

/* Begin PBXBuildFile section */
		131D1C381532A2AF007479F1 /* mystic_basin_trail.gpx in Resources */ = {isa = PBXBuildFile; fileRef = 131D1C371532A2AF007479F1 /* mystic_basin_trail.gpx */; };
		13D46EC3152ECF2400C9A168 /* SenTestingKit.framework in Frameworks */ = {isa = PBXBuildFile; fileRef = 13D46EC2152ECF2400C9A168 /* SenTestingKit.framework */; };
		13D46EC6152ECF2400C9A168 /* Foundation.framework in Frameworks */ = {isa = PBXBuildFile; fileRef = 13D46EB3152ECF2400C9A168 /* Foundation.framework */; };
		13D46ED2152ECF2400C9A168 /* InfoPlist.strings in Resources */ = {isa = PBXBuildFile; fileRef = 13D46ED0152ECF2400C9A168 /* InfoPlist.strings */; };
		13D46ED5152ECF2400C9A168 /* GPXTests.m in Sources */ = {isa = PBXBuildFile; fileRef = 13D46ED4152ECF2400C9A168 /* GPXTests.m */; };
		4FC95880C07D428C900D93DB /* libPods.a in Frameworks */ = {isa = PBXBuildFile; fileRef = 907C23F77BBF4FE3A0B4A441 /* libPods.a */; };
/* End PBXBuildFile section */

/* Begin PBXFileReference section */
		131D1C371532A2AF007479F1 /* mystic_basin_trail.gpx */ = {isa = PBXFileReference; fileEncoding = 4; lastKnownFileType = text.xml; path = mystic_basin_trail.gpx; sourceTree = "<group>"; };
		13D46EB3152ECF2400C9A168 /* Foundation.framework */ = {isa = PBXFileReference; lastKnownFileType = wrapper.framework; name = Foundation.framework; path = System/Library/Frameworks/Foundation.framework; sourceTree = SDKROOT; };
		13D46EC1152ECF2400C9A168 /* GPXTests.octest */ = {isa = PBXFileReference; explicitFileType = wrapper.cfbundle; includeInIndex = 0; path = GPXTests.octest; sourceTree = BUILT_PRODUCTS_DIR; };
		13D46EC2152ECF2400C9A168 /* SenTestingKit.framework */ = {isa = PBXFileReference; lastKnownFileType = wrapper.framework; name = SenTestingKit.framework; path = Library/Frameworks/SenTestingKit.framework; sourceTree = DEVELOPER_DIR; };
		13D46ECF152ECF2400C9A168 /* GPXTests-Info.plist */ = {isa = PBXFileReference; lastKnownFileType = text.plist.xml; path = "GPXTests-Info.plist"; sourceTree = "<group>"; };
		13D46ED1152ECF2400C9A168 /* en */ = {isa = PBXFileReference; lastKnownFileType = text.plist.strings; name = en; path = en.lproj/InfoPlist.strings; sourceTree = "<group>"; };
		13D46ED3152ECF2400C9A168 /* GPXTests.h */ = {isa = PBXFileReference; lastKnownFileType = sourcecode.c.h; path = GPXTests.h; sourceTree = "<group>"; };
		13D46ED4152ECF2400C9A168 /* GPXTests.m */ = {isa = PBXFileReference; lastKnownFileType = sourcecode.c.objc; path = GPXTests.m; sourceTree = "<group>"; };
		13D46F42152ED24900C9A168 /* UIKit.framework */ = {isa = PBXFileReference; lastKnownFileType = wrapper.framework; name = UIKit.framework; path = System/Library/Frameworks/UIKit.framework; sourceTree = SDKROOT; };
		907C23F77BBF4FE3A0B4A441 /* libPods.a */ = {isa = PBXFileReference; explicitFileType = archive.ar; includeInIndex = 0; path = libPods.a; sourceTree = BUILT_PRODUCTS_DIR; };
		D91CDCBE1989509300001583 /* GPXTests-Prefix.pch */ = {isa = PBXFileReference; fileEncoding = 4; lastKnownFileType = sourcecode.c.h; path = "GPXTests-Prefix.pch"; sourceTree = "<group>"; };
		F6E0E9FE4FD54A6C971E12A3 /* Pods.xcconfig */ = {isa = PBXFileReference; includeInIndex = 1; lastKnownFileType = text.xcconfig; name = Pods.xcconfig; path = Pods/Pods.xcconfig; sourceTree = "<group>"; };
/* End PBXFileReference section */

/* Begin PBXFrameworksBuildPhase section */
		13D46EBD152ECF2400C9A168 /* Frameworks */ = {
			isa = PBXFrameworksBuildPhase;
			buildActionMask = 2147483647;
			files = (
				13D46EC3152ECF2400C9A168 /* SenTestingKit.framework in Frameworks */,
				13D46EC6152ECF2400C9A168 /* Foundation.framework in Frameworks */,
				4FC95880C07D428C900D93DB /* libPods.a in Frameworks */,
			);
			runOnlyForDeploymentPostprocessing = 0;
		};
/* End PBXFrameworksBuildPhase section */

/* Begin PBXGroup section */
		13D46EA1152ECF2400C9A168 = {
			isa = PBXGroup;
			children = (
				13D46ECD152ECF2400C9A168 /* GPXTests */,
				13D46EB2152ECF2400C9A168 /* Frameworks */,
				13D46EB1152ECF2400C9A168 /* Products */,
				F6E0E9FE4FD54A6C971E12A3 /* Pods.xcconfig */,
			);
			sourceTree = "<group>";
		};
		13D46EB1152ECF2400C9A168 /* Products */ = {
			isa = PBXGroup;
			children = (
				13D46EC1152ECF2400C9A168 /* GPXTests.octest */,
			);
			name = Products;
			sourceTree = "<group>";
		};
		13D46EB2152ECF2400C9A168 /* Frameworks */ = {
			isa = PBXGroup;
			children = (
				13D46F42152ED24900C9A168 /* UIKit.framework */,
				13D46EB3152ECF2400C9A168 /* Foundation.framework */,
				13D46EC2152ECF2400C9A168 /* SenTestingKit.framework */,
				907C23F77BBF4FE3A0B4A441 /* libPods.a */,
			);
			name = Frameworks;
			sourceTree = "<group>";
		};
		13D46ECD152ECF2400C9A168 /* GPXTests */ = {
			isa = PBXGroup;
			children = (
				13D46ED3152ECF2400C9A168 /* GPXTests.h */,
				13D46ED4152ECF2400C9A168 /* GPXTests.m */,
				131D1C371532A2AF007479F1 /* mystic_basin_trail.gpx */,
				13D46ECE152ECF2400C9A168 /* Supporting Files */,
			);
			path = GPXTests;
			sourceTree = "<group>";
		};
		13D46ECE152ECF2400C9A168 /* Supporting Files */ = {
			isa = PBXGroup;
			children = (
				13D46ECF152ECF2400C9A168 /* GPXTests-Info.plist */,
				13D46ED0152ECF2400C9A168 /* InfoPlist.strings */,
				D91CDCBE1989509300001583 /* GPXTests-Prefix.pch */,
			);
			name = "Supporting Files";
			sourceTree = "<group>";
		};
/* End PBXGroup section */

/* Begin PBXNativeTarget section */
		13D46EC0152ECF2400C9A168 /* GPXTests */ = {
			isa = PBXNativeTarget;
			buildConfigurationList = 13D46EDB152ECF2400C9A168 /* Build configuration list for PBXNativeTarget "GPXTests" */;
			buildPhases = (
				F57F210DF867415AB13438DA /* Check Pods Manifest.lock */,
				13D46EBC152ECF2400C9A168 /* Sources */,
				13D46EBD152ECF2400C9A168 /* Frameworks */,
				13D46EBE152ECF2400C9A168 /* Resources */,
				13D46EBF152ECF2400C9A168 /* ShellScript */,
				AE6C23E9244045A08891E74E /* Copy Pods Resources */,
			);
			buildRules = (
			);
			dependencies = (
			);
			name = GPXTests;
			productName = GPXTests;
			productReference = 13D46EC1152ECF2400C9A168 /* GPXTests.octest */;
			productType = "com.apple.product-type.bundle";
		};
/* End PBXNativeTarget section */

/* Begin PBXProject section */
		13D46EA3152ECF2400C9A168 /* Project object */ = {
			isa = PBXProject;
			attributes = {
				LastTestingUpgradeCheck = 0510;
				LastUpgradeCheck = 0510;
			};
			buildConfigurationList = 13D46EA6152ECF2400C9A168 /* Build configuration list for PBXProject "GPX" */;
			compatibilityVersion = "Xcode 3.2";
			developmentRegion = English;
			hasScannedForEncodings = 0;
			knownRegions = (
				en,
			);
			mainGroup = 13D46EA1152ECF2400C9A168;
			productRefGroup = 13D46EB1152ECF2400C9A168 /* Products */;
			projectDirPath = "";
			projectRoot = "";
			targets = (
				13D46EC0152ECF2400C9A168 /* GPXTests */,
			);
		};
/* End PBXProject section */

/* Begin PBXResourcesBuildPhase section */
		13D46EBE152ECF2400C9A168 /* Resources */ = {
			isa = PBXResourcesBuildPhase;
			buildActionMask = 2147483647;
			files = (
				13D46ED2152ECF2400C9A168 /* InfoPlist.strings in Resources */,
				131D1C381532A2AF007479F1 /* mystic_basin_trail.gpx in Resources */,
			);
			runOnlyForDeploymentPostprocessing = 0;
		};
/* End PBXResourcesBuildPhase section */

/* Begin PBXShellScriptBuildPhase section */
		13D46EBF152ECF2400C9A168 /* ShellScript */ = {
			isa = PBXShellScriptBuildPhase;
			buildActionMask = 2147483647;
			files = (
			);
			inputPaths = (
			);
			outputPaths = (
			);
			runOnlyForDeploymentPostprocessing = 0;
			shellPath = /bin/sh;
			shellScript = "# Run the unit tests in this test bundle.\n\"${SYSTEM_DEVELOPER_DIR}/Tools/RunUnitTests\"\n";
		};
		AE6C23E9244045A08891E74E /* Copy Pods Resources */ = {
			isa = PBXShellScriptBuildPhase;
			buildActionMask = 2147483647;
			files = (
			);
			inputPaths = (
			);
			name = "Copy Pods Resources";
			outputPaths = (
			);
			runOnlyForDeploymentPostprocessing = 0;
			shellPath = /bin/sh;
			shellScript = "\"${SRCROOT}/Pods/Pods-resources.sh\"\n";
			showEnvVarsInLog = 0;
		};
		F57F210DF867415AB13438DA /* Check Pods Manifest.lock */ = {
			isa = PBXShellScriptBuildPhase;
			buildActionMask = 2147483647;
			files = (
			);
			inputPaths = (
			);
			name = "Check Pods Manifest.lock";
			outputPaths = (
			);
			runOnlyForDeploymentPostprocessing = 0;
			shellPath = /bin/sh;
			shellScript = "diff \"${PODS_ROOT}/../Podfile.lock\" \"${PODS_ROOT}/Manifest.lock\" > /dev/null\nif [[ $? != 0 ]] ; then\n    cat << EOM\nerror: The sandbox is not in sync with the Podfile.lock. Run 'pod install' or update your CocoaPods installation.\nEOM\n    exit 1\nfi\n";
			showEnvVarsInLog = 0;
		};
/* End PBXShellScriptBuildPhase section */

/* Begin PBXSourcesBuildPhase section */
		13D46EBC152ECF2400C9A168 /* Sources */ = {
			isa = PBXSourcesBuildPhase;
			buildActionMask = 2147483647;
			files = (
				13D46ED5152ECF2400C9A168 /* GPXTests.m in Sources */,
			);
			runOnlyForDeploymentPostprocessing = 0;
		};
/* End PBXSourcesBuildPhase section */

/* Begin PBXVariantGroup section */
		13D46ED0152ECF2400C9A168 /* InfoPlist.strings */ = {
			isa = PBXVariantGroup;
			children = (
				13D46ED1152ECF2400C9A168 /* en */,
			);
			name = InfoPlist.strings;
			sourceTree = "<group>";
		};
/* End PBXVariantGroup section */

/* Begin XCBuildConfiguration section */
		13D46ED6152ECF2400C9A168 /* Debug */ = {
			isa = XCBuildConfiguration;
			buildSettings = {
				ALWAYS_SEARCH_USER_PATHS = NO;
				CLANG_ENABLE_OBJC_ARC = YES;
				CLANG_WARN_BOOL_CONVERSION = YES;
				CLANG_WARN_CONSTANT_CONVERSION = YES;
				CLANG_WARN_EMPTY_BODY = YES;
				CLANG_WARN_ENUM_CONVERSION = YES;
				CLANG_WARN_INT_CONVERSION = YES;
				CLANG_WARN__DUPLICATE_METHOD_MATCH = YES;
				COPY_PHASE_STRIP = NO;
				GCC_C_LANGUAGE_STANDARD = gnu99;
				GCC_DYNAMIC_NO_PIC = NO;
				GCC_OPTIMIZATION_LEVEL = 0;
				GCC_PREPROCESSOR_DEFINITIONS = (
					"DEBUG=1",
					"$(inherited)",
				);
				GCC_SYMBOLS_PRIVATE_EXTERN = NO;
				GCC_VERSION = com.apple.compilers.llvm.clang.1_0;
				GCC_WARN_64_TO_32_BIT_CONVERSION = YES;
				GCC_WARN_ABOUT_RETURN_TYPE = YES;
				GCC_WARN_UNDECLARED_SELECTOR = YES;
				GCC_WARN_UNINITIALIZED_AUTOS = YES;
				GCC_WARN_UNUSED_FUNCTION = YES;
				GCC_WARN_UNUSED_VARIABLE = YES;
				IPHONEOS_DEPLOYMENT_TARGET = 5.1;
				ONLY_ACTIVE_ARCH = YES;
				SDKROOT = iphoneos;
			};
			name = Debug;
		};
		13D46ED7152ECF2400C9A168 /* Release */ = {
			isa = XCBuildConfiguration;
			buildSettings = {
				ALWAYS_SEARCH_USER_PATHS = NO;
				CLANG_ENABLE_OBJC_ARC = YES;
				CLANG_WARN_BOOL_CONVERSION = YES;
				CLANG_WARN_CONSTANT_CONVERSION = YES;
				CLANG_WARN_EMPTY_BODY = YES;
				CLANG_WARN_ENUM_CONVERSION = YES;
				CLANG_WARN_INT_CONVERSION = YES;
				CLANG_WARN__DUPLICATE_METHOD_MATCH = YES;
				COPY_PHASE_STRIP = YES;
				GCC_C_LANGUAGE_STANDARD = gnu99;
				GCC_VERSION = com.apple.compilers.llvm.clang.1_0;
				GCC_WARN_64_TO_32_BIT_CONVERSION = YES;
				GCC_WARN_ABOUT_RETURN_TYPE = YES;
				GCC_WARN_UNDECLARED_SELECTOR = YES;
				GCC_WARN_UNINITIALIZED_AUTOS = YES;
				GCC_WARN_UNUSED_FUNCTION = YES;
				GCC_WARN_UNUSED_VARIABLE = YES;
				IPHONEOS_DEPLOYMENT_TARGET = 5.1;
				SDKROOT = iphoneos;
				VALIDATE_PRODUCT = YES;
			};
			name = Release;
		};
		13D46EDC152ECF2400C9A168 /* Debug */ = {
			isa = XCBuildConfiguration;
			baseConfigurationReference = F6E0E9FE4FD54A6C971E12A3 /* Pods.xcconfig */;
			buildSettings = {
				FRAMEWORK_SEARCH_PATHS = (
					"$(SDKROOT)/Developer/Library/Frameworks",
					"$(DEVELOPER_LIBRARY_DIR)/Frameworks",
				);
				GCC_PRECOMPILE_PREFIX_HEADER = YES;
				GCC_PREFIX_HEADER = "GPXTests/GPXTests-Prefix.pch";
				INFOPLIST_FILE = "GPXTests/GPXTests-Info.plist";
				PRODUCT_NAME = "$(TARGET_NAME)";
				WRAPPER_EXTENSION = octest;
			};
			name = Debug;
		};
		13D46EDD152ECF2400C9A168 /* Release */ = {
			isa = XCBuildConfiguration;
			baseConfigurationReference = F6E0E9FE4FD54A6C971E12A3 /* Pods.xcconfig */;
			buildSettings = {
				FRAMEWORK_SEARCH_PATHS = (
					"$(SDKROOT)/Developer/Library/Frameworks",
					"$(DEVELOPER_LIBRARY_DIR)/Frameworks",
				);
				GCC_PRECOMPILE_PREFIX_HEADER = YES;
				GCC_PREFIX_HEADER = "GPXTests/GPXTests-Prefix.pch";
				INFOPLIST_FILE = "GPXTests/GPXTests-Info.plist";
				PRODUCT_NAME = "$(TARGET_NAME)";
				WRAPPER_EXTENSION = octest;
			};
			name = Release;
		};
/* End XCBuildConfiguration section */

/* Begin XCConfigurationList section */
		13D46EA6152ECF2400C9A168 /* Build configuration list for PBXProject "GPX" */ = {
			isa = XCConfigurationList;
			buildConfigurations = (
				13D46ED6152ECF2400C9A168 /* Debug */,
				13D46ED7152ECF2400C9A168 /* Release */,
			);
			defaultConfigurationIsVisible = 0;
			defaultConfigurationName = Release;
		};
		13D46EDB152ECF2400C9A168 /* Build configuration list for PBXNativeTarget "GPXTests" */ = {
			isa = XCConfigurationList;
			buildConfigurations = (
				13D46EDC152ECF2400C9A168 /* Debug */,
				13D46EDD152ECF2400C9A168 /* Release */,
			);
			defaultConfigurationIsVisible = 0;
			defaultConfigurationName = Release;
		};
/* End XCConfigurationList section */
	};
	rootObject = 13D46EA3152ECF2400C9A168 /* Project object */;
}
